{
  "name": "meteor-mongo-transactions",
  "version": "1.0.0",
  "lockfileVersion": 1,
  "requires": true,
  "dependencies": {
    "@types/bson": {
      "version": "4.0.3",
      "resolved": "https://registry.npmjs.org/@types/bson/-/bson-4.0.3.tgz",
      "integrity": "sha512-mVRvYnTOZJz3ccpxhr3wgxVmSeiYinW+zlzQz3SXWaJmD1DuL05Jeq7nKw3SnbKmbleW5qrLG5vdyWe/A9sXhw==",
      "dev": true,
      "requires": {
        "@types/node": "*"
      }
    },
    "@types/chai": {
      "version": "4.2.22",
      "resolved": "https://registry.npmjs.org/@types/chai/-/chai-4.2.22.tgz",
      "integrity": "sha512-tFfcE+DSTzWAgifkjik9AySNqIyNoYwmR+uecPwwD/XRNfvOjmC/FjCxpiUGDkDVDphPfCUecSQVFw+lN3M3kQ==",
      "dev": true
    },
    "@types/connect": {
      "version": "3.4.35",
      "resolved": "https://registry.npmjs.org/@types/connect/-/connect-3.4.35.tgz",
      "integrity": "sha512-cdeYyv4KWoEgpBISTxWvqYsVy444DOqehiF3fM3ne10AmJ62RSyNkUnxMJXHQWRQQX2eR94m5y1IZyDwBjV9FQ==",
      "dev": true,
      "requires": {
        "@types/node": "*"
      }
    },
    "@types/jquery": {
      "version": "3.5.8",
      "resolved": "https://registry.npmjs.org/@types/jquery/-/jquery-3.5.8.tgz",
      "integrity": "sha512-cXk6NwqjDYg+UI9p2l3x0YmPa4m7RrXqmbK4IpVVpRJiYXU/QTo+UZrn54qfE1+9Gao4qpYqUnxm5ZCy2FTXAw==",
      "dev": true,
      "requires": {
        "@types/sizzle": "*"
      }
    },
    "@types/meteor": {
      "version": "1.4.84",
      "resolved": "https://registry.npmjs.org/@types/meteor/-/meteor-1.4.84.tgz",
      "integrity": "sha512-eJERMR+wof/McQpsVkokmhyxcbZg7th7UJT0qKaN1711gkCIge6oE7gjK2dfILn5osarA7NaLDe/o1ug1WmQEg==",
      "dev": true,
      "requires": {
        "@types/connect": "*",
        "@types/jquery": "*",
        "@types/mongodb": "^3.6.20",
        "@types/react": "*",
        "@types/underscore": "*"
      },
      "dependencies": {
        "@types/mongodb": {
          "version": "3.6.20",
          "resolved": "https://registry.npmjs.org/@types/mongodb/-/mongodb-3.6.20.tgz",
          "integrity": "sha512-WcdpPJCakFzcWWD9juKoZbRtQxKIMYF/JIAM4JrNHrMcnJL6/a2NWjXxW7fo9hxboxxkg+icff8d7+WIEvKgYQ==",
          "dev": true,
          "requires": {
            "@types/bson": "*",
            "@types/node": "*"
          }
        }
      }
    },
    "@types/mocha": {
      "version": "9.0.0",
      "resolved": "https://registry.npmjs.org/@types/mocha/-/mocha-9.0.0.tgz",
      "integrity": "sha512-scN0hAWyLVAvLR9AyW7HoFF5sJZglyBsbPuHO4fv7JRvfmPBMfp1ozWqOf/e4wwPNxezBZXRfWzMb6iFLgEVRA==",
      "dev": true
    },
    "@types/mongodb": {
      "version": "3.6.20",
      "resolved": "https://registry.npmjs.org/@types/mongodb/-/mongodb-3.6.20.tgz",
      "integrity": "sha512-WcdpPJCakFzcWWD9juKoZbRtQxKIMYF/JIAM4JrNHrMcnJL6/a2NWjXxW7fo9hxboxxkg+icff8d7+WIEvKgYQ==",
      "dev": true,
      "requires": {
        "@types/bson": "*",
        "@types/node": "*"
      }
    },
    "@types/node": {
      "version": "14.14.37",
      "resolved": "https://registry.npmjs.org/@types/node/-/node-14.14.37.tgz",
      "integrity": "sha512-XYmBiy+ohOR4Lh5jE379fV2IU+6Jn4g5qASinhitfyO71b/sCo6MKsMLF5tc7Zf2CE8hViVQyYSobJNke8OvUw==",
      "dev": true
    },
    "@types/prop-types": {
      "version": "15.7.4",
      "resolved": "https://registry.npmjs.org/@types/prop-types/-/prop-types-15.7.4.tgz",
      "integrity": "sha512-rZ5drC/jWjrArrS8BR6SIr4cWpW09RNTYt9AMZo3Jwwif+iacXAqgVjm0B0Bv/S1jhDXKHqRVNCbACkJ89RAnQ==",
      "dev": true
    },
    "@types/react": {
      "version": "17.0.34",
      "resolved": "https://registry.npmjs.org/@types/react/-/react-17.0.34.tgz",
      "integrity": "sha512-46FEGrMjc2+8XhHXILr+3+/sTe3OfzSPU9YGKILLrUYbQ1CLQC9Daqo1KzENGXAWwrFwiY0l4ZbF20gRvgpWTg==",
      "dev": true,
      "requires": {
        "@types/prop-types": "*",
        "@types/scheduler": "*",
        "csstype": "^3.0.2"
      }
    },
    "@types/scheduler": {
      "version": "0.16.2",
      "resolved": "https://registry.npmjs.org/@types/scheduler/-/scheduler-0.16.2.tgz",
      "integrity": "sha512-hppQEBDmlwhFAXKJX2KnWLYu5yMfi91yazPb2l+lbJiwW+wdo1gNeRA+3RgNSO39WYX2euey41KEwnqesU2Jew==",
      "dev": true
    },
    "@types/sizzle": {
      "version": "2.3.3",
      "resolved": "https://registry.npmjs.org/@types/sizzle/-/sizzle-2.3.3.tgz",
      "integrity": "sha512-JYM8x9EGF163bEyhdJBpR2QX1R5naCJHC8ucJylJ3w9/CVBaskdQ8WqBf8MmQrd1kRvp/a4TS8HJ+bxzR7ZJYQ==",
      "dev": true
    },
    "@types/underscore": {
      "version": "1.11.3",
      "resolved": "https://registry.npmjs.org/@types/underscore/-/underscore-1.11.3.tgz",
      "integrity": "sha512-Fl1TX1dapfXyDqFg2ic9M+vlXRktcPJrc4PR7sRc7sdVrjavg/JHlbUXBt8qWWqhJrmSqg3RNAkAPRiOYw6Ahw==",
      "dev": true
    },
    "csstype": {
      "version": "3.0.9",
      "resolved": "https://registry.npmjs.org/csstype/-/csstype-3.0.9.tgz",
      "integrity": "sha512-rpw6JPxK6Rfg1zLOYCSwle2GFOOsnjmDYDaBwEcwoOg4qlsIVCN789VkBZDJAGi4T07gI4YSutR43t9Zz4Lzuw==",
      "dev": true
    }
  }
}
